
Microsoft Visual Studio Solution File, Format Version 12.00
# Visual Studio 15
VisualStudioVersion = 15.0.27130.2010
MinimumVisualStudioVersion = 10.0.40219.1
Project("{FAE04EC0-301F-11D3-BF4B-00C04F79EFBC}") = "BESD.API", "BESD.API\BESD.API.csproj", "{A91EA080-42E3-4BA9-A3D1-827811DB38B8}"
EndProject
Project("{FAE04EC0-301F-11D3-BF4B-00C04F79EFBC}") = "BESD.TEST", "BESD.TEST\BESD.TEST.csproj", "{9AB1A59B-B8BA-47B5-9232-935C926D3A15}"
EndProject
Global
	GlobalSection(SolutionConfigurationPlatforms) = preSolution
		Debug|Any CPU = Debug|Any CPU
		Release|Any CPU = Release|Any CPU
	EndGlobalSection
	GlobalSection(ProjectConfigurationPlatforms) = postSolution
		{A91EA080-42E3-4BA9-A3D1-827811DB38B8}.Debug|Any CPU.ActiveCfg = Debug|Any CPU
		{A91EA080-42E3-4BA9-A3D1-827811DB38B8}.Debug|Any CPU.Build.0 = Debug|Any CPU
		{A91EA080-42E3-4BA9-A3D1-827811DB38B8}.Release|Any CPU.ActiveCfg = Release|Any CPU
		{A91EA080-42E3-4BA9-A3D1-827811DB38B8}.Release|Any CPU.Build.0 = Release|Any CPU
		{9AB1A59B-B8BA-47B5-9232-935C926D3A15}.Debug|Any CPU.ActiveCfg = Debug|Any CPU
		{9AB1A59B-B8BA-47B5-9232-935C926D3A15}.Debug|Any CPU.Build.0 = Debug|Any CPU
		{9AB1A59B-B8BA-47B5-9232-935C926D3A15}.Release|Any CPU.ActiveCfg = Release|Any CPU
		{9AB1A59B-B8BA-47B5-9232-935C926D3A15}.Release|Any CPU.Build.0 = Release|Any CPU
	EndGlobalSection
	GlobalSection(SolutionProperties) = preSolution
		HideSolutionNode = FALSE
	EndGlobalSection
	GlobalSection(ExtensibilityGlobals) = postSolution
		SolutionGuid = {E38018A8-1D5A-4251-9A1C-64B135EB6645}
	EndGlobalSection
EndGlobal
